
Microsoft Visual Studio Solution File, Format Version 12.00
Project("{FAE04EC0-301F-11D3-BF4B-00C04F79EFBC}") = "Astor.Proxy.ExampleApi", "Astor.Proxy.ExampleApi\Astor.Proxy.ExampleApi.csproj", "{B61BF07E-E423-4692-BAF4-E2248300E242}"
EndProject
Project("{FAE04EC0-301F-11D3-BF4B-00C04F79EFBC}") = "Astor.Proxy", "Astor.Proxy\Astor.Proxy.csproj", "{230E692F-3061-426A-A62C-B54B4C9257A5}"
EndProject
Project("{FAE04EC0-301F-11D3-BF4B-00C04F79EFBC}") = "Astor.Proxy.Tests", "Astor.Proxy.Tests\Astor.Proxy.Tests.csproj", "{B52C4717-2116-43C0-AB96-3B3D8F0D4F03}"
EndProject
Global
	GlobalSection(SolutionConfigurationPlatforms) = preSolution
		Debug|Any CPU = Debug|Any CPU
		Release|Any CPU = Release|Any CPU
	EndGlobalSection
	GlobalSection(ProjectConfigurationPlatforms) = postSolution
		{B61BF07E-E423-4692-BAF4-E2248300E242}.Debug|Any CPU.ActiveCfg = Debug|Any CPU
		{B61BF07E-E423-4692-BAF4-E2248300E242}.Debug|Any CPU.Build.0 = Debug|Any CPU
		{B61BF07E-E423-4692-BAF4-E2248300E242}.Release|Any CPU.ActiveCfg = Release|Any CPU
		{B61BF07E-E423-4692-BAF4-E2248300E242}.Release|Any CPU.Build.0 = Release|Any CPU
		{230E692F-3061-426A-A62C-B54B4C9257A5}.Debug|Any CPU.ActiveCfg = Debug|Any CPU
		{230E692F-3061-426A-A62C-B54B4C9257A5}.Debug|Any CPU.Build.0 = Debug|Any CPU
		{230E692F-3061-426A-A62C-B54B4C9257A5}.Release|Any CPU.ActiveCfg = Release|Any CPU
		{230E692F-3061-426A-A62C-B54B4C9257A5}.Release|Any CPU.Build.0 = Release|Any CPU
		{B52C4717-2116-43C0-AB96-3B3D8F0D4F03}.Debug|Any CPU.ActiveCfg = Debug|Any CPU
		{B52C4717-2116-43C0-AB96-3B3D8F0D4F03}.Debug|Any CPU.Build.0 = Debug|Any CPU
		{B52C4717-2116-43C0-AB96-3B3D8F0D4F03}.Release|Any CPU.ActiveCfg = Release|Any CPU
		{B52C4717-2116-43C0-AB96-3B3D8F0D4F03}.Release|Any CPU.Build.0 = Release|Any CPU
	EndGlobalSection
EndGlobal
